
Microsoft Visual Studio Solution File, Format Version 12.00
# Visual Studio Version 16
VisualStudioVersion = 16.0.29519.87
MinimumVisualStudioVersion = 10.0.40219.1
Project("{FAE04EC0-301F-11D3-BF4B-00C04F79EFBC}") = "wamppoc", "wamppoc\wamppoc.csproj", "{CC7407D7-2ABC-4181-BEC0-1B71DE877147}"
EndProject
Global
	GlobalSection(SolutionConfigurationPlatforms) = preSolution
		Debug|Any CPU = Debug|Any CPU
		Release|Any CPU = Release|Any CPU
	EndGlobalSection
	GlobalSection(ProjectConfigurationPlatforms) = postSolution
		{CC7407D7-2ABC-4181-BEC0-1B71DE877147}.Debug|Any CPU.ActiveCfg = Debug|Any CPU
		{CC7407D7-2ABC-4181-BEC0-1B71DE877147}.Debug|Any CPU.Build.0 = Debug|Any CPU
		{CC7407D7-2ABC-4181-BEC0-1B71DE877147}.Release|Any CPU.ActiveCfg = Release|Any CPU
		{CC7407D7-2ABC-4181-BEC0-1B71DE877147}.Release|Any CPU.Build.0 = Release|Any CPU
	EndGlobalSection
	GlobalSection(SolutionProperties) = preSolution
		HideSolutionNode = FALSE
	EndGlobalSection
	GlobalSection(ExtensibilityGlobals) = postSolution
		SolutionGuid = {6E98E66A-B9E3-4323-B8DC-F30FFF3E71EC}
	EndGlobalSection
EndGlobal
